
Microsoft Visual Studio Solution File, Format Version 12.00
# Visual Studio 15
VisualStudioVersion = 15.0.27004.2010
MinimumVisualStudioVersion = 10.0.40219.1
Project("{888888A0-9F3D-457C-B088-3A5042F75D52}") = "nn_backprop", "nn_backprop\nn_backprop.pyproj", "{66D73F97-51D4-4711-BA15-C2791D6D3019}"
EndProject
Project("{2150E333-8FDC-42A3-9474-1A3956D46DE8}") = "Solution Items", "Solution Items", "{E28248FB-8C12-437C-82A4-B45DFDD565A0}"
	ProjectSection(SolutionItems) = preProject
		ReadMe.md = ReadMe.md
	EndProjectSection
EndProject
Project("{888888A0-9F3D-457C-B088-3A5042F75D52}") = "conv_nets", "conv_nets\conv_nets.pyproj", "{78116EE9-B6B0-4BA6-A090-5E8070840048}"
EndProject
Project("{888888A0-9F3D-457C-B088-3A5042F75D52}") = "clustering_pca_autoencoders", "clustering_pca_autoencoders\clustering_pca_autoencoders.pyproj", "{F9BC0229-3FB7-4204-97DA-BF05F3F2DD49}"
EndProject
Project("{888888A0-9F3D-457C-B088-3A5042F75D52}") = "LogisticRegression", "LogisticRegression\LogisticRegression.pyproj", "{756EADA5-8CFB-4525-874B-415436F82DE9}"
EndProject
Project("{888888A0-9F3D-457C-B088-3A5042F75D52}") = "ReinforcementLearning", "ReinforcementLearning\ReinforcementLearning.pyproj", "{E3FC6D8A-2B4E-4CFF-8D86-4DD96B23A675}"
EndProject
Global
	GlobalSection(SolutionConfigurationPlatforms) = preSolution
		Debug|Any CPU = Debug|Any CPU
		Release|Any CPU = Release|Any CPU
	EndGlobalSection
	GlobalSection(ProjectConfigurationPlatforms) = postSolution
		{66D73F97-51D4-4711-BA15-C2791D6D3019}.Debug|Any CPU.ActiveCfg = Debug|Any CPU
		{66D73F97-51D4-4711-BA15-C2791D6D3019}.Debug|Any CPU.Build.0 = Debug|Any CPU
		{66D73F97-51D4-4711-BA15-C2791D6D3019}.Release|Any CPU.ActiveCfg = Release|Any CPU
		{78116EE9-B6B0-4BA6-A090-5E8070840048}.Debug|Any CPU.ActiveCfg = Debug|Any CPU
		{78116EE9-B6B0-4BA6-A090-5E8070840048}.Debug|Any CPU.Build.0 = Debug|Any CPU
		{78116EE9-B6B0-4BA6-A090-5E8070840048}.Release|Any CPU.ActiveCfg = Release|Any CPU
		{F9BC0229-3FB7-4204-97DA-BF05F3F2DD49}.Debug|Any CPU.ActiveCfg = Debug|Any CPU
		{F9BC0229-3FB7-4204-97DA-BF05F3F2DD49}.Debug|Any CPU.Build.0 = Debug|Any CPU
		{F9BC0229-3FB7-4204-97DA-BF05F3F2DD49}.Release|Any CPU.ActiveCfg = Release|Any CPU
		{756EADA5-8CFB-4525-874B-415436F82DE9}.Debug|Any CPU.ActiveCfg = Debug|Any CPU
		{756EADA5-8CFB-4525-874B-415436F82DE9}.Debug|Any CPU.Build.0 = Debug|Any CPU
		{756EADA5-8CFB-4525-874B-415436F82DE9}.Release|Any CPU.ActiveCfg = Release|Any CPU
		{E3FC6D8A-2B4E-4CFF-8D86-4DD96B23A675}.Debug|Any CPU.ActiveCfg = Debug|Any CPU
		{E3FC6D8A-2B4E-4CFF-8D86-4DD96B23A675}.Debug|Any CPU.Build.0 = Debug|Any CPU
		{E3FC6D8A-2B4E-4CFF-8D86-4DD96B23A675}.Release|Any CPU.ActiveCfg = Release|Any CPU
	EndGlobalSection
	GlobalSection(SolutionProperties) = preSolution
		HideSolutionNode = FALSE
	EndGlobalSection
	GlobalSection(ExtensibilityGlobals) = postSolution
		SolutionGuid = {BB5E6FD7-B8F2-4246-A172-DF1260FAF082}
	EndGlobalSection
EndGlobal
